{
  "name": "api-automation",
  "version": "1.0.0",
  "lockfileVersion": 2,
  "requires": true,
  "packages": {
    "": {
      "name": "api-automation",
      "version": "1.0.0",
      "license": "ISC",
      "devDependencies": {
        "cy-spok": "github:bahmutov/cy-spok"
      }
    },
    "node_modules/ansi-regex": {
      "version": "5.0.1",
      "resolved": "https://registry.npmjs.org/ansi-regex/-/ansi-regex-5.0.1.tgz",
      "integrity": "sha512-quJQXlTSUGL2LH9SUXo8VwsY4soanhgo6LNSm84E1LBcE8s3O0wpdiRzyR9z/ZZJMlMWv37qOOb9pdJlMUEKFQ==",
      "dev": true,
      "engines": {
        "node": ">=8"
      }
    },
    "node_modules/ansicolors": {
      "version": "0.3.2",
      "resolved": "https://registry.npmjs.org/ansicolors/-/ansicolors-0.3.2.tgz",
      "integrity": "sha1-ZlWX3oap/+Oqm/vmyuXG6kJrSXk=",
      "dev": true
    },
    "node_modules/cy-spok": {
      "version": "0.0.0-development",
      "resolved": "git+ssh://git@github.com/bahmutov/cy-spok.git#290fe352deacdc8aa2798a7fac4fa1612108d1e4",
      "dev": true,
      "license": "MIT",
      "dependencies": {
        "spok": "^1.4.3",
        "strip-ansi": "6.0.1"
      }
    },
    "node_modules/spok": {
      "version": "1.4.3",
      "resolved": "https://registry.npmjs.org/spok/-/spok-1.4.3.tgz",
      "integrity": "sha512-5wFGctwrk638aDs+44u99kohxFNByUq2wo0uShQ9yqxSmsxqx7zKbMo1Busy4s7stZQXU+PhJ/BlVf2XWFEGIw==",
      "dev": true,
      "dependencies": {
        "ansicolors": "~0.3.2"
      }
    },
    "node_modules/strip-ansi": {
      "version": "6.0.1",
      "resolved": "https://registry.npmjs.org/strip-ansi/-/strip-ansi-6.0.1.tgz",
      "integrity": "sha512-Y38VPSHcqkFrCpFnQ9vuSXmquuv5oXOKpGeT6aGrr3o3Gc9AlVa6JBfUSOCnbxGGZF+/0ooI7KrPuUSztUdU5A==",
      "dev": true,
      "dependencies": {
        "ansi-regex": "^5.0.1"
      },
      "engines": {
        "node": ">=8"
      }
    }
  },
  "dependencies": {
    "ansi-regex": {
      "version": "5.0.1",
      "resolved": "https://registry.npmjs.org/ansi-regex/-/ansi-regex-5.0.1.tgz",
      "integrity": "sha512-quJQXlTSUGL2LH9SUXo8VwsY4soanhgo6LNSm84E1LBcE8s3O0wpdiRzyR9z/ZZJMlMWv37qOOb9pdJlMUEKFQ==",
      "dev": true
    },
    "ansicolors": {
      "version": "0.3.2",
      "resolved": "https://registry.npmjs.org/ansicolors/-/ansicolors-0.3.2.tgz",
      "integrity": "sha1-ZlWX3oap/+Oqm/vmyuXG6kJrSXk=",
      "dev": true
    },
    "cy-spok": {
      "version": "git+ssh://git@github.com/bahmutov/cy-spok.git#290fe352deacdc8aa2798a7fac4fa1612108d1e4",
      "dev": true,
      "from": "cy-spok@bahmutov/cy-spok",
      "requires": {
        "spok": "^1.4.3",
        "strip-ansi": "6.0.1"
      }
    },
    "spok": {
      "version": "1.4.3",
      "resolved": "https://registry.npmjs.org/spok/-/spok-1.4.3.tgz",
      "integrity": "sha512-5wFGctwrk638aDs+44u99kohxFNByUq2wo0uShQ9yqxSmsxqx7zKbMo1Busy4s7stZQXU+PhJ/BlVf2XWFEGIw==",
      "dev": true,
      "requires": {
        "ansicolors": "~0.3.2"
      }
    },
    "strip-ansi": {
      "version": "6.0.1",
      "resolved": "https://registry.npmjs.org/strip-ansi/-/strip-ansi-6.0.1.tgz",
      "integrity": "sha512-Y38VPSHcqkFrCpFnQ9vuSXmquuv5oXOKpGeT6aGrr3o3Gc9AlVa6JBfUSOCnbxGGZF+/0ooI7KrPuUSztUdU5A==",
      "dev": true,
      "requires": {
        "ansi-regex": "^5.0.1"
      }
    }
  }
}
